
Microsoft Visual Studio Solution File, Format Version 12.00
# Visual Studio Version 17
VisualStudioVersion = 17.4.33205.214
MinimumVisualStudioVersion = 10.0.40219.1
Project("{9A19103F-16F7-4668-BE54-9A1E7A4F7556}") = "WSCT.GlobalPlatform.ConsoleDemo", "WSCT.GlobalPlatform.ConsoleDemo\WSCT.GlobalPlatform.ConsoleDemo.csproj", "{D01D6BA8-FC07-4870-A052-6D936754CCC9}"
EndProject
Project("{FAE04EC0-301F-11D3-BF4B-00C04F79EFBC}") = "WSCT.GlobalPlatform", "WSCT.GlobalPlatform\WSCT.GlobalPlatform.csproj", "{3BFF2957-5083-40C5-B61C-B4CE77FAF955}"
EndProject
Project("{2150E333-8FDC-42A3-9474-1A3956D46DE8}") = "Solution Items", "Solution Items", "{8F2FEA45-A4D5-44F4-AE53-71ADF09EBB4E}"
	ProjectSection(SolutionItems) = preProject
		README.md = README.md
	EndProjectSection
EndProject
Global
	GlobalSection(SolutionConfigurationPlatforms) = preSolution
		Debug|Any CPU = Debug|Any CPU
		Release|Any CPU = Release|Any CPU
	EndGlobalSection
	GlobalSection(ProjectConfigurationPlatforms) = postSolution
		{D01D6BA8-FC07-4870-A052-6D936754CCC9}.Debug|Any CPU.ActiveCfg = Debug|Any CPU
		{D01D6BA8-FC07-4870-A052-6D936754CCC9}.Debug|Any CPU.Build.0 = Debug|Any CPU
		{D01D6BA8-FC07-4870-A052-6D936754CCC9}.Release|Any CPU.ActiveCfg = Release|Any CPU
		{D01D6BA8-FC07-4870-A052-6D936754CCC9}.Release|Any CPU.Build.0 = Release|Any CPU
		{3BFF2957-5083-40C5-B61C-B4CE77FAF955}.Debug|Any CPU.ActiveCfg = Debug|Any CPU
		{3BFF2957-5083-40C5-B61C-B4CE77FAF955}.Debug|Any CPU.Build.0 = Debug|Any CPU
		{3BFF2957-5083-40C5-B61C-B4CE77FAF955}.Release|Any CPU.ActiveCfg = Release|Any CPU
		{3BFF2957-5083-40C5-B61C-B4CE77FAF955}.Release|Any CPU.Build.0 = Release|Any CPU
	EndGlobalSection
	GlobalSection(SolutionProperties) = preSolution
		HideSolutionNode = FALSE
	EndGlobalSection
	GlobalSection(ExtensibilityGlobals) = postSolution
		SolutionGuid = {D8073AB1-8EC6-4964-9068-B10CF5B8832A}
	EndGlobalSection
EndGlobal
